schema_version: 1.0.0
authority_id: autocut-v2.1.3-production-authority
authority_revision: 1
contract_version: 2.1.3
seed_source_commit: b4ff62b7111468db8bfd94c6cad25f0862bf55bb
inventory:
  repository: auto_cut_bot
  manifest_commit: d243e09cb28da935d56c359d135f91c05615a498
  path: governance/authority-sources.yaml
  sha256: sha256:b64ec65c9db82ba71db5281d7e72ea3189213d523189a5a8d48d846f10a181aa
repositories:
  auto_cut_bot:
    source_commit: b4ff62b7111468db8bfd94c6cad25f0862bf55bb
  ac_auto_cut:
    source_commit: dbaf408786b637708e343120e628929b79a8410a
entries:
- class: implementation_contract
  repository: ac_auto_cut
  path: 原理/v2.1-implementation-design/00-contract-toolchain-and-command-kernel.md
  sha256: sha256:0d43fffeef4fb9b0063e0f472dfb829369c8175f3641018bcb96da433f42582f
- class: implementation_contract
  repository: ac_auto_cut
  path: 原理/v2.1-implementation-design/01-artifact-store-and-transaction-kernel.md
  sha256: sha256:f4b71101b6f25b81fa73fd159b5a6398f31071897d7dbf7d001a6837c7f60555
- class: implementation_contract
  repository: ac_auto_cut
  path: 原理/v2.1-implementation-design/02-execution-admission-recovery-generation-kernel.md
  sha256: sha256:d987dbb4be94b28f2b564b5b1e332e133c2c15513c432f8cc079a3208e9b0192
- class: implementation_contract
  repository: ac_auto_cut
  path: 原理/v2.1-implementation-design/03-media-evidence-preflight.md
  sha256: sha256:7da0946d4d6c00db0695fe97502e97b02f2e2941b5ca13abf1ac6ab4d0b2c499
- class: implementation_contract
  repository: ac_auto_cut
  path: 原理/v2.1-implementation-design/04-stage-01-to-03-semantic-implementation.md
  sha256: sha256:6f61815e1df6a16bd203781b6abc84419da4a6fb25cea187b3f78fbb0691271d
- class: implementation_contract
  repository: ac_auto_cut
  path: 原理/v2.1-implementation-design/05-stage-04-physical-edit-implementation.md
  sha256: sha256:5a630c898816b29a268d815cbdf0f62780fa7ddb3b27a3d61cd6de64a2e36617
- class: implementation_contract
  repository: ac_auto_cut
  path: 原理/v2.1-implementation-design/06-stage-05-render-qc-release-implementation.md
  sha256: sha256:9631dad8a73af55663ceb89f74b74af7ee8d974f39f37dc71532d37a9cdc06b6
- class: implementation_contract
  repository: ac_auto_cut
  path: 原理/v2.1-implementation-design/07-dual-runtime-implementation.md
  sha256: sha256:f0bf77341520179551f63a7a596c2257a9bde6521b12ef76c26b0eefe6948462
- class: implementation_contract
  repository: ac_auto_cut
  path: 原理/v2.1-implementation-design/08-publication-transaction-and-certification.md
  sha256: sha256:4bd68733f6c52466b967417a9b8bc6a302a09645a3f8ba972c91ebaa0b4ea6c3
- class: implementation_contract
  repository: ac_auto_cut
  path: 原理/v2.1-implementation-design/09-migration-rollout-and-operations.md
  sha256: sha256:43db9537ec24a6c73dff35aec008510e03b0d0079a103247e678ad82deeacbe9
- class: implementation_contract
  repository: ac_auto_cut
  path: 原理/v2.1-implementation-design/10-postgresql-physical-schema-and-data-lifecycle.md
  sha256: sha256:426f5cd34c5a4747f61d9c53abcd9aa63c20599e7f23ccd7791159215039fd18
- class: implementation_contract
  repository: ac_auto_cut
  path: 原理/v2.1-implementation-design/11-compatible-algorithm-principles-and-reuse-boundaries.md
  sha256: sha256:a76a142428d773fe01ac7137a4d51e1b4b1c98b994ac3cae5de1a24f5b15ef10
- class: implementation_contract
  repository: ac_auto_cut
  path: 原理/v2.1-implementation-design/12-implementation-conformance-and-ai-drift-prevention.md
  sha256: sha256:ee08283f2290e08c4dd8151662712e388d19e17ff72d248e43534b4f64027d33
- class: implementation_contract
  repository: ac_auto_cut
  path: 原理/v2.1-implementation-design/README.md
  sha256: sha256:f25884b04f11aa63d1788a2cf5258096e1eccb88878c5c1e4b80a362097e661c
- class: production_contract
  repository: ac_auto_cut
  path: 原理/v2.1-production-spec/v2-production-system-contracts.md
  sha256: sha256:58d90861b8a2f14ec5da7e3312e59e3409ff036a4444508d2ee524f59cb99ffd
- class: production_contract
  repository: ac_auto_cut
  path: 原理/v2.1-production-spec/v2-stage-01-knowledge-chain-v2.md
  sha256: sha256:887732d5d993949003141070063e59ec0b2a2dd42808fcf4670441950c2772f0
- class: production_contract
  repository: ac_auto_cut
  path: 原理/v2.1-production-spec/v2-stage-02-story-design-v2.md
  sha256: sha256:1609210b8a00b399e73d5f538961f9e00d45b17aa5b96338f9b9db0caf71d3d7
- class: production_contract
  repository: ac_auto_cut
  path: 原理/v2.1-production-spec/v2-stage-03-story-scripting-v2.md
  sha256: sha256:158dbd105e8f51b5a3a23d04f76280895c8e375cd86ec0d0bdf72e861950c274
- class: production_contract
  repository: ac_auto_cut
  path: 原理/v2.1-production-spec/v2-stage-04-story-assembly-v2.md
  sha256: sha256:df28393582d1cef40f5c58df58688d56169e19dd79c92482567deda24548c5ae
- class: architecture_gate
  repository: auto_cut_bot
  path: governance/activation-profiles.yaml
  sha256: sha256:6cb44701f1cc667fd7013e5ec29c2ded51ec534b1bd46e706f8606bf5d7897a2
- class: blocking_fixture
  repository: auto_cut_bot
  path: governance/blocking-fixtures.manifest.yaml
  sha256: sha256:5ce8d2752328fcb27ab59df3c37b69a309a6866e5f75183491b6246531c93281
- class: architecture_gate
  repository: auto_cut_bot
  path: governance/model-role-policy.yaml
  sha256: sha256:2948155ee37f6bde274007185bc330c433f32ffd26ab7ac152f5c1532ef4b79f
- class: architecture_gate
  repository: auto_cut_bot
  path: governance/protected-paths.yaml
  sha256: sha256:ad88530622e3b549c838b01438949b3a32180572bd55381c54b5269782333f16
- class: architecture_gate
  repository: auto_cut_bot
  path: governance/remote-protection-policy.yaml
  sha256: sha256:b25092c8f43eed946251474e88a795e5ca0bd3cf3d6393878ac251f802dc29c7
- class: schema_source
  repository: auto_cut_bot
  path: governance/schema-index.yaml
  sha256: sha256:3f1ab38f976148e5c45d6fd903fa6d10ab4e0aa2db1754f4dbb8d9527518f3f9
- class: schema_source
  repository: auto_cut_bot
  path: governance/schemas/activation-profiles.schema.json
  sha256: sha256:9026f8ac1ebc9d2472633f2b93bbc77e090f5f8a818d71b054ee9a3f8655d484
- class: schema_source
  repository: auto_cut_bot
  path: governance/schemas/authority-lock.schema.json
  sha256: sha256:13e2278583fbce8650360e9d7c74078c7caf45655c1be2cfdfdbe32d8622bae6
- class: schema_source
  repository: auto_cut_bot
  path: governance/schemas/authority-reference.schema.json
  sha256: sha256:2c6911d72bfdaee65f8bee94f0c0d950f8fdcbb55a2e8ccb988230130d586392
- class: schema_source
  repository: auto_cut_bot
  path: governance/schemas/authority-sources.schema.json
  sha256: sha256:9d5b89d184eaaa43ef26994dd1cd4b60494f936c9ced7461b229a076244793d3
- class: schema_source
  repository: auto_cut_bot
  path: governance/schemas/baseline-failure.schema.json
  sha256: sha256:cb6dea07cc0a1af794dcb252a3b2acbcea9715e990ee372040c72787995db1a3
- class: schema_source
  repository: auto_cut_bot
  path: governance/schemas/blocking-fixtures-manifest.schema.json
  sha256: sha256:2877d9c45e125c864ab458175001a38b7174e0a51fb66796f8c33ed808912a2c
- class: schema_source
  repository: auto_cut_bot
  path: governance/schemas/candidate-tree-audit.schema.json
  sha256: sha256:a332d510bb877b514fa7362e3c50214b1583c20fb2c7b03c944ffc17d700a23c
- class: schema_source
  repository: auto_cut_bot
  path: governance/schemas/change-scope.schema.json
  sha256: sha256:c545df9c93a8321e85e6772bdf1a6f802c738bc77c32eab1bb6353f10b54b030
- class: schema_source
  repository: auto_cut_bot
  path: governance/schemas/change-verification.schema.json
  sha256: sha256:1842ffe442a80a0a3902377522f5c622b6918d88de77be4a40849a846e6bea50
- class: schema_source
  repository: auto_cut_bot
  path: governance/schemas/commit-tree.schema.json
  sha256: sha256:dca17c34192b0ff31ef08bab11cf188b440df5cfb51ed726827f28a055fb95e1
- class: schema_source
  repository: auto_cut_bot
  path: governance/schemas/history-publication-audit.schema.json
  sha256: sha256:32ff0f1df78ae7e055e79697ca1f283e986e44e8d9387d360719ac81da4592c7
- class: schema_source
  repository: auto_cut_bot
  path: governance/schemas/independent-check.schema.json
  sha256: sha256:00bb92076c4458fc9396d0018e707bca22b1572b7ba0169e580134ff5b8d059e
- class: schema_source
  repository: auto_cut_bot
  path: governance/schemas/model-role-policy.schema.json
  sha256: sha256:525320d6aa4a91a3191a624f763414d6f91b9d3d40f364495072b0b5debaa60b
- class: schema_source
  repository: auto_cut_bot
  path: governance/schemas/protected-paths.schema.json
  sha256: sha256:da19bc617c60ad3ab00afdb75fa286e1ac556ffba9dafdea5fc07bb4deea2e3b
- class: schema_source
  repository: auto_cut_bot
  path: governance/schemas/push-verification.schema.json
  sha256: sha256:c09db3df9d2ace0b7f0ffc6ec894d6d6d3f8aff314f81748c426c37e1e8e9395
- class: schema_source
  repository: auto_cut_bot
  path: governance/schemas/remote-protection-policy.schema.json
  sha256: sha256:5f1f2bb134dc44d53f99a56cc0792de8caf6f0cef854657f5ac4bcacd8915b41
- class: schema_source
  repository: auto_cut_bot
  path: governance/schemas/remote-protection.schema.json
  sha256: sha256:ecc129912d72e6b8a57c2e953dcdf3a8ba23b877cf111b3352a1ad2b3c33eeef
- class: schema_source
  repository: auto_cut_bot
  path: governance/schemas/reuse-admission.schema.json
  sha256: sha256:9f30d8ef86c32449353075f19dbcba00751d6e5ba1a9892c5826aef40ad6df3c
- class: schema_source
  repository: auto_cut_bot
  path: governance/schemas/runtime-conformance.schema.json
  sha256: sha256:2a9d94260b37fa4747cbb71245f70267cd2c4dd148dc1b7c4aa135d905e1c437
- class: schema_source
  repository: auto_cut_bot
  path: governance/schemas/source-candidate.schema.json
  sha256: sha256:297ab80c71aaaa4fe5ecc3c85d341e766a075ba36e453049d27c39f90dbaad53
- class: schema_source
  repository: auto_cut_bot
  path: governance/schemas/synthetic-sensitive-fixture-manifest.schema.json
  sha256: sha256:0b4609f10a3880e3edf6f6be72adeb60c573901351e9d1697f4298783ff528b9
- class: schema_source
  repository: auto_cut_bot
  path: governance/schemas/task-admission.schema.json
  sha256: sha256:b56649ddb7988b56781114001e11886de5778dba95044b6447c4af390a357ae5
- class: schema_source
  repository: auto_cut_bot
  path: governance/schemas/task-authorizations.schema.json
  sha256: sha256:06fa3c7b1ab0e698d8e5a7ea50dc6f4da54fb7685b00f5bd322f219d2de96071
- class: schema_source
  repository: auto_cut_bot
  path: governance/schemas/task-conformance-manifest.schema.json
  sha256: sha256:f1827939c9c1135ca88e225318456438be992664ea8f4bcba92e7eed4c168d87
- class: schema_source
  repository: auto_cut_bot
  path: governance/schemas/trellis-sync-manifest.schema.json
  sha256: sha256:1889a3cda4e822874b27936f79a8e9e5ad8291ec48499bec0028b59ae8b4909d
- class: schema_source
  repository: auto_cut_bot
  path: governance/schemas/upstream-parity.schema.json
  sha256: sha256:2126de2b1c26ecac29cc2b4256375b4cfbc02d0402a23d775533847130ba0713
- class: schema_source
  repository: auto_cut_bot
  path: governance/schemas/validation-receipt-set.schema.json
  sha256: sha256:0e5b039ff298560572fc8088d66e81dc89fd64841a1cc34f8c171cd5a7499970
- class: blocking_fixture
  repository: auto_cut_bot
  path: governance/synthetic-sensitive-fixtures.manifest.yaml
  sha256: sha256:a2df653c670e38d5b24a22aab73410b74026dcd58ff6ff2fe85ba5498f701352
- class: architecture_gate
  repository: auto_cut_bot
  path: governance/task-authorizations.yaml
  sha256: sha256:35e2fa0a5f552713efe90214924326e40bd7bb41659588488fa721f5894d4d0a
- class: architecture_gate
  repository: auto_cut_bot
  path: governance/trellis-spec/ac_auto_cut/backend/index.md
  sha256: sha256:6c4911f8b0529d5fe40ab0589e026f851f20e007c53711607c1efd4180ef7f00
- class: architecture_gate
  repository: auto_cut_bot
  path: governance/trellis-spec/auto_cut_bot/backend/index.md
  sha256: sha256:db256e0d66e068de543197343ab00e87d6f3d00d510ec88b465377560e52a3ff
- class: architecture_gate
  repository: auto_cut_bot
  path: governance/trellis-spec/backend/authority-bootstrap-block.md
  sha256: sha256:f19f185dd34aa0f6f12ef88a8e77ca4afe9bc1e4acabf2802941b64e2fb46cbe
- class: architecture_gate
  repository: auto_cut_bot
  path: governance/trellis-spec/backend/implementation-conformance-gates.md
  sha256: sha256:41f13d633130863e6cb69e664f8e47769db8a5db32d874010c29f77ac77b9423
- class: architecture_gate
  repository: auto_cut_bot
  path: governance/trellis-spec/backend/index.md
  sha256: sha256:c343a2fd7def1dc014f68203e7f37b8bf1f4625ecf1072fda69ca7a675c78884
- class: architecture_gate
  repository: auto_cut_bot
  path: governance/trellis-spec/managed-files.json
  sha256: sha256:a4c08742bd05334380d697fd45cd5ec454c15303ae7fc44ca6f489099a5ab31e
- class: blocking_fixture
  repository: auto_cut_bot
  path: tests/authority/fixtures/protected/bad-bootstrap-chain.json
  sha256: sha256:a0d469dabd117afef3cd5ebac8433ab52f8d9030a25ca43adadf450693614550
- class: blocking_fixture
  repository: auto_cut_bot
  path: tests/authority/fixtures/protected/bad-broad-glob.json
  sha256: sha256:92c5f5f62f4d3ceb2172c4c0712d16bca34931cee09449ba5d231b80f9f7dcfb
- class: blocking_fixture
  repository: auto_cut_bot
  path: tests/authority/fixtures/protected/bad-candidate-collision.json
  sha256: sha256:3e1b5a6f6e71d850e90d544a2530611dd5dcf0380f4073a4cef7ce2ba15d8193
- class: blocking_fixture
  repository: auto_cut_bot
  path: tests/authority/fixtures/protected/bad-candidate-secret.json
  sha256: sha256:909316634d005225bc914bc972d283162539fdf2e4d3bd2cfff8560b30d27b93
- class: blocking_fixture
  repository: auto_cut_bot
  path: tests/authority/fixtures/protected/bad-cross-repo-top-level.json
  sha256: sha256:c412a2f1741c0051cc009a3995aa3de8c98b71fd13fa2c46bbf7535bb92c54cd
- class: blocking_fixture
  repository: auto_cut_bot
  path: tests/authority/fixtures/protected/bad-fake-tree-oid.json
  sha256: sha256:c83c6aba679411efa78c0f6f00423a3522787a708ba04b47f8fd6c3b8b3d7ffb
- class: blocking_fixture
  repository: auto_cut_bot
  path: tests/authority/fixtures/protected/bad-nonruntime-na.json
  sha256: sha256:af397fdc28931017345550432042824fba307b98a975dfc3df2c533169493357
- class: blocking_fixture
  repository: auto_cut_bot
  path: tests/authority/fixtures/protected/bad-offline-remote.json
  sha256: sha256:e52bd6ff41dbdd3ecd5126379cc0edd2f25b159cf01ccafcc64c8ed37ccaaa48
- class: blocking_fixture
  repository: auto_cut_bot
  path: tests/authority/fixtures/protected/bad-path-escape.json
  sha256: sha256:8c60fac4fe199e1e4e956b9a1eff78cbb0fef79d1e24b45adc36300416f3d697
- class: blocking_fixture
  repository: auto_cut_bot
  path: tests/authority/fixtures/protected/bad-pre-a-phase-mix.json
  sha256: sha256:e84ae68aaec5373716f2c37833ae317c668d83f4e8920579603617c9a43b960b
- class: blocking_fixture
  repository: auto_cut_bot
  path: tests/authority/fixtures/protected/bad-spark-authority.json
  sha256: sha256:c0e8f0a57c786c8e6ff70d6dc2c9c6c0b59427af6a215974d89c37a5385e5215
- class: blocking_fixture
  repository: auto_cut_bot
  path: tests/authority/fixtures/protected/bad-synthetic-outside.json
  sha256: sha256:e45e8b9a78be9a50aa7974ded55fc54599d1432c69d0d359a98cea810fa50f88
- class: blocking_fixture
  repository: auto_cut_bot
  path: tests/authority/fixtures/protected/bad-synthetic-production.json
  sha256: sha256:cb40bb319c472a50f14ed349731a624fc4761fa5ce66048ba1bf08b719204bf8
- class: blocking_fixture
  repository: auto_cut_bot
  path: tests/authority/fixtures/protected/bad-validation-self-report.json
  sha256: sha256:21d73d535bd0723c0deff565629b5c4b33c8695c993dda6304b58dd4ce303666
- class: blocking_fixture
  repository: auto_cut_bot
  path: tests/authority/fixtures/protected/good-legal-session-path.json
  sha256: sha256:c692ce9b69f900233838fe775d426ca41b95f445c02e1300b73fb6e99079255c
- class: blocking_fixture
  repository: auto_cut_bot
  path: tests/authority/fixtures/protected/tbd-design.md
  sha256: sha256:65255c0d7077c111af66deb750229d3977e3edecb53c7983589f146001cf0ec3
- class: blocking_fixture
  repository: auto_cut_bot
  path: tests/authority/fixtures/synthetic-sensitive/literal-api-key.txt
  sha256: sha256:7db100395545aebe0498bdccf3cb2cde63683941179b6d94bac2692b12940c42
- class: architecture_gate
  repository: auto_cut_bot
  path: tools/authority/__init__.py
  sha256: sha256:4d694255ec16e8966231ebf5617e5d14891c634443bcbbcc1780d5c71ad99c03
- class: architecture_gate
  repository: auto_cut_bot
  path: tools/authority/aggregate_gate.py
  sha256: sha256:d6a9b65c98aee7d946a8108d78989f8622b9c7cde0635a5f1ba6f3aef87e5143
- class: architecture_gate
  repository: auto_cut_bot
  path: tools/authority/cli.py
  sha256: sha256:af96911f541253cc5857ab8ccb9de873697af52e75d49dd0a18e56190b72f84c
- class: architecture_gate
  repository: auto_cut_bot
  path: tools/authority/common.py
  sha256: sha256:8fada0080edda5a327a9c763c1c1142b1b4640f92e0e52e1e2df9e5ef3655f11
- class: architecture_gate
  repository: auto_cut_bot
  path: tools/authority/conformance_gates.py
  sha256: sha256:8eb431dedbe83d8963fe91f5b4389b34a7cec8ae569df7e11bda14f5644dc573
- class: architecture_gate
  repository: auto_cut_bot
  path: tools/authority/errors.py
  sha256: sha256:64d42523100d188960493622852dac9801d8fbaf582ab81a57303d5648dc0597
- class: architecture_gate
  repository: auto_cut_bot
  path: tools/authority/fixture_runner.py
  sha256: sha256:c0bc2cd3ff1bbe20fda7117abb971b4be068135a0f392c486fe6d22c0d7e88ba
- class: architecture_gate
  repository: auto_cut_bot
  path: tools/authority/lock.py
  sha256: sha256:b5bdf885606b0f9cd3a0f383604e2374a6c960410ab8ad428a8df40af195fe0d
- class: architecture_gate
  repository: auto_cut_bot
  path: tools/authority/receipts.py
  sha256: sha256:e483ecba4c16d3567c9d375b116ef2eeb032d64b77fdfb33d3a9a5db37fd331a
- class: architecture_gate
  repository: auto_cut_bot
  path: tools/authority/remote_gate.py
  sha256: sha256:c4d65cade34f95a8d87a7a2a96e6eb9d0fc99d02c773a295cba6a186270f676b
- class: architecture_gate
  repository: auto_cut_bot
  path: tools/authority/source_candidate_gate.py
  sha256: sha256:2e958a33a597124347b883cd08c7f7f9b94b36124f2089ff717b2b927ab10d51
- class: architecture_gate
  repository: auto_cut_bot
  path: tools/authority/task_gate.py
  sha256: sha256:6879acf1989357657d86444c547f995fd2c9e853fdb2ff4863f6b856aa6ddb48
- class: architecture_gate
  repository: auto_cut_bot
  path: tools/authority/trellis_sync.py
  sha256: sha256:f31bde7ca0d47d3da54d59bf9ab032a4f0277ba469d995d5c3215519ef804126
bundle_hash: sha256:03ddca16b3eaf70ce4a9b1ccde2700295a753653956fe8f8cfee3b105e0789a3
