schema_version: 1.0.0
authority_id: autocut-v2.1.3-production-authority
authority_revision: 6
contract_version: 2.1.3
seed_source_commit: 2126df936b62ba7ae3a5a537121f33a6121545f9
inventory:
  repository: auto_cut_bot
  manifest_commit: f7f0c520546bd5635b30308571622d67881bb8c7
  path: governance/authority-sources.yaml
  sha256: sha256:b303dd14237335cb7afacdbbbc9b6cdfd39578911cb7a9efe7b477c41bf17099
repositories:
  auto_cut_bot:
    source_commit: 2126df936b62ba7ae3a5a537121f33a6121545f9
  ac_auto_cut:
    source_commit: c9bbfd362dac96b7f52c3f14aa792fa1f34d90a6
entries:
- class: implementation_contract
  repository: ac_auto_cut
  path: 原理/v2.1-implementation-design/00-contract-toolchain-and-command-kernel.md
  sha256: sha256:0d43fffeef4fb9b0063e0f472dfb829369c8175f3641018bcb96da433f42582f
- class: implementation_contract
  repository: ac_auto_cut
  path: 原理/v2.1-implementation-design/01-artifact-store-and-transaction-kernel.md
  sha256: sha256:f4b71101b6f25b81fa73fd159b5a6398f31071897d7dbf7d001a6837c7f60555
- class: implementation_contract
  repository: ac_auto_cut
  path: 原理/v2.1-implementation-design/02-execution-admission-recovery-generation-kernel.md
  sha256: sha256:d987dbb4be94b28f2b564b5b1e332e133c2c15513c432f8cc079a3208e9b0192
- class: implementation_contract
  repository: ac_auto_cut
  path: 原理/v2.1-implementation-design/03-media-evidence-preflight.md
  sha256: sha256:7da0946d4d6c00db0695fe97502e97b02f2e2941b5ca13abf1ac6ab4d0b2c499
- class: implementation_contract
  repository: ac_auto_cut
  path: 原理/v2.1-implementation-design/04-stage-01-to-03-semantic-implementation.md
  sha256: sha256:6f61815e1df6a16bd203781b6abc84419da4a6fb25cea187b3f78fbb0691271d
- class: implementation_contract
  repository: ac_auto_cut
  path: 原理/v2.1-implementation-design/05-stage-04-physical-edit-implementation.md
  sha256: sha256:5a630c898816b29a268d815cbdf0f62780fa7ddb3b27a3d61cd6de64a2e36617
- class: implementation_contract
  repository: ac_auto_cut
  path: 原理/v2.1-implementation-design/06-stage-05-render-qc-release-implementation.md
  sha256: sha256:9631dad8a73af55663ceb89f74b74af7ee8d974f39f37dc71532d37a9cdc06b6
- class: implementation_contract
  repository: ac_auto_cut
  path: 原理/v2.1-implementation-design/07-dual-runtime-implementation.md
  sha256: sha256:a4eb1870ecf47f9524aa21f0a986cb5ad072bc5e540696b604024e86ae851573
- class: implementation_contract
  repository: ac_auto_cut
  path: 原理/v2.1-implementation-design/08-publication-transaction-and-certification.md
  sha256: sha256:4bd68733f6c52466b967417a9b8bc6a302a09645a3f8ba972c91ebaa0b4ea6c3
- class: implementation_contract
  repository: ac_auto_cut
  path: 原理/v2.1-implementation-design/09-migration-rollout-and-operations.md
  sha256: sha256:43db9537ec24a6c73dff35aec008510e03b0d0079a103247e678ad82deeacbe9
- class: implementation_contract
  repository: ac_auto_cut
  path: 原理/v2.1-implementation-design/10-postgresql-physical-schema-and-data-lifecycle.md
  sha256: sha256:426f5cd34c5a4747f61d9c53abcd9aa63c20599e7f23ccd7791159215039fd18
- class: implementation_contract
  repository: ac_auto_cut
  path: 原理/v2.1-implementation-design/11-compatible-algorithm-principles-and-reuse-boundaries.md
  sha256: sha256:a76a142428d773fe01ac7137a4d51e1b4b1c98b994ac3cae5de1a24f5b15ef10
- class: implementation_contract
  repository: ac_auto_cut
  path: 原理/v2.1-implementation-design/12-implementation-conformance-and-ai-drift-prevention.md
  sha256: sha256:56fb427fe2b3a70f7b32a96af6922b7e824b7b938a65907bb012159360631071
- class: implementation_contract
  repository: ac_auto_cut
  path: 原理/v2.1-implementation-design/README.md
  sha256: sha256:f25884b04f11aa63d1788a2cf5258096e1eccb88878c5c1e4b80a362097e661c
- class: production_contract
  repository: ac_auto_cut
  path: 原理/v2.1-production-spec/v2-production-system-contracts.md
  sha256: sha256:58d90861b8a2f14ec5da7e3312e59e3409ff036a4444508d2ee524f59cb99ffd
- class: production_contract
  repository: ac_auto_cut
  path: 原理/v2.1-production-spec/v2-stage-01-knowledge-chain-v2.md
  sha256: sha256:887732d5d993949003141070063e59ec0b2a2dd42808fcf4670441950c2772f0
- class: production_contract
  repository: ac_auto_cut
  path: 原理/v2.1-production-spec/v2-stage-02-story-design-v2.md
  sha256: sha256:1609210b8a00b399e73d5f538961f9e00d45b17aa5b96338f9b9db0caf71d3d7
- class: production_contract
  repository: ac_auto_cut
  path: 原理/v2.1-production-spec/v2-stage-03-story-scripting-v2.md
  sha256: sha256:158dbd105e8f51b5a3a23d04f76280895c8e375cd86ec0d0bdf72e861950c274
- class: production_contract
  repository: ac_auto_cut
  path: 原理/v2.1-production-spec/v2-stage-04-story-assembly-v2.md
  sha256: sha256:df28393582d1cef40f5c58df58688d56169e19dd79c92482567deda24548c5ae
- class: architecture_gate
  repository: auto_cut_bot
  path: governance/activation-profiles.yaml
  sha256: sha256:28ecd2da97319dd19d201e5386037d2e4348c30e0325d04785b83bb4107f0a5f
- class: blocking_fixture
  repository: auto_cut_bot
  path: governance/blocking-fixtures.manifest.yaml
  sha256: sha256:564a4eeb96a7e8c2ec203289fd043ddc8c4e141b3c14328236e9a4d702c660bc
- class: architecture_gate
  repository: auto_cut_bot
  path: governance/consumer-lock-policy.yaml
  sha256: sha256:ed7a9c2322842d116bcec1a27d7385698e7c4cc353658ede3a64d24c3819cc4a
- class: architecture_gate
  repository: auto_cut_bot
  path: governance/kernel-build-evidence-policy.yaml
  sha256: sha256:c25a082d647458120eada7c19bc0273aedeb4f1198b5a5c3100bbd8cb036b02b
- class: architecture_gate
  repository: auto_cut_bot
  path: governance/model-role-policy.yaml
  sha256: sha256:2948155ee37f6bde274007185bc330c433f32ffd26ab7ac152f5c1532ef4b79f
- class: architecture_gate
  repository: auto_cut_bot
  path: governance/protected-paths.yaml
  sha256: sha256:ad88530622e3b549c838b01438949b3a32180572bd55381c54b5269782333f16
- class: architecture_gate
  repository: auto_cut_bot
  path: governance/remote-protection-policy.yaml
  sha256: sha256:b25092c8f43eed946251474e88a795e5ca0bd3cf3d6393878ac251f802dc29c7
- class: schema_source
  repository: auto_cut_bot
  path: governance/schema-index.yaml
  sha256: sha256:aef52f7d6920b4bbf293b51902fa242d8b87d0bb7874eca29f234bdc79c801c1
- class: schema_source
  repository: auto_cut_bot
  path: governance/schemas/activation-profiles.schema.json
  sha256: sha256:9026f8ac1ebc9d2472633f2b93bbc77e090f5f8a818d71b054ee9a3f8655d484
- class: schema_source
  repository: auto_cut_bot
  path: governance/schemas/authority-consumer-lock.schema.json
  sha256: sha256:87ea82464df8bef20bb6b27f5937ea86e411cecf5e043771e967fd539057f7ab
- class: schema_source
  repository: auto_cut_bot
  path: governance/schemas/authority-lock.schema.json
  sha256: sha256:13e2278583fbce8650360e9d7c74078c7caf45655c1be2cfdfdbe32d8622bae6
- class: schema_source
  repository: auto_cut_bot
  path: governance/schemas/authority-reference.schema.json
  sha256: sha256:2c6911d72bfdaee65f8bee94f0c0d950f8fdcbb55a2e8ccb988230130d586392
- class: schema_source
  repository: auto_cut_bot
  path: governance/schemas/authority-sources.schema.json
  sha256: sha256:9d5b89d184eaaa43ef26994dd1cd4b60494f936c9ced7461b229a076244793d3
- class: schema_source
  repository: auto_cut_bot
  path: governance/schemas/baseline-failure.schema.json
  sha256: sha256:cb6dea07cc0a1af794dcb252a3b2acbcea9715e990ee372040c72787995db1a3
- class: schema_source
  repository: auto_cut_bot
  path: governance/schemas/blocking-fixtures-manifest.schema.json
  sha256: sha256:11ec0452f2105bed2b378f60bc74823ae054c175580f4d381d75f53282846f1e
- class: schema_source
  repository: auto_cut_bot
  path: governance/schemas/candidate-tree-audit.schema.json
  sha256: sha256:a332d510bb877b514fa7362e3c50214b1583c20fb2c7b03c944ffc17d700a23c
- class: schema_source
  repository: auto_cut_bot
  path: governance/schemas/change-scope.schema.json
  sha256: sha256:c545df9c93a8321e85e6772bdf1a6f802c738bc77c32eab1bb6353f10b54b030
- class: schema_source
  repository: auto_cut_bot
  path: governance/schemas/change-verification.schema.json
  sha256: sha256:83bd70360898fedf78d9a1d78699cb2fcd33f2bcf0cb9c6c52e40d52899479ea
- class: schema_source
  repository: auto_cut_bot
  path: governance/schemas/commit-tree.schema.json
  sha256: sha256:dca17c34192b0ff31ef08bab11cf188b440df5cfb51ed726827f28a055fb95e1
- class: schema_source
  repository: auto_cut_bot
  path: governance/schemas/consumer-lock-policy.schema.json
  sha256: sha256:57910e5634408094f43ac11f2129578a0528aef0c5a1c5de0872b975c23c09ab
- class: schema_source
  repository: auto_cut_bot
  path: governance/schemas/consumer-lock-readiness.schema.json
  sha256: sha256:879dcdadfb4641fe0c2de44e1484dec034570055427b97f9864dae88fc246a3b
- class: schema_source
  repository: auto_cut_bot
  path: governance/schemas/consumer-lock.schema.json
  sha256: sha256:94c9c2eeb83375befeaf258161a11bfbeba44f0f72a6da656090c4f6bab84fa6
- class: schema_source
  repository: auto_cut_bot
  path: governance/schemas/history-publication-audit.schema.json
  sha256: sha256:32ff0f1df78ae7e055e79697ca1f283e986e44e8d9387d360719ac81da4592c7
- class: schema_source
  repository: auto_cut_bot
  path: governance/schemas/independent-check.schema.json
  sha256: sha256:00bb92076c4458fc9396d0018e707bca22b1572b7ba0169e580134ff5b8d059e
- class: schema_source
  repository: auto_cut_bot
  path: governance/schemas/kernel-build-evidence-policy.schema.json
  sha256: sha256:d889f671ac2c198a88cf682ecb3f3126cdeeb0f27c243781e73ad807d8e078ad
- class: schema_source
  repository: auto_cut_bot
  path: governance/schemas/kernel-build-provenance.schema.json
  sha256: sha256:4e7af844598201a66ec16d04426ae9e06a98ee534fd89b62bafad65347cd4b06
- class: schema_source
  repository: auto_cut_bot
  path: governance/schemas/kernel-build.schema.json
  sha256: sha256:971d06ef0a0280b4bba2659c5926f0178ccdc5cf4af8c9ca4982d786a725d184
- class: schema_source
  repository: auto_cut_bot
  path: governance/schemas/model-role-policy.schema.json
  sha256: sha256:525320d6aa4a91a3191a624f763414d6f91b9d3d40f364495072b0b5debaa60b
- class: schema_source
  repository: auto_cut_bot
  path: governance/schemas/protected-paths.schema.json
  sha256: sha256:da19bc617c60ad3ab00afdb75fa286e1ac556ffba9dafdea5fc07bb4deea2e3b
- class: schema_source
  repository: auto_cut_bot
  path: governance/schemas/push-verification.schema.json
  sha256: sha256:c09db3df9d2ace0b7f0ffc6ec894d6d6d3f8aff314f81748c426c37e1e8e9395
- class: schema_source
  repository: auto_cut_bot
  path: governance/schemas/remote-protection-policy.schema.json
  sha256: sha256:5f1f2bb134dc44d53f99a56cc0792de8caf6f0cef854657f5ac4bcacd8915b41
- class: schema_source
  repository: auto_cut_bot
  path: governance/schemas/remote-protection.schema.json
  sha256: sha256:ecc129912d72e6b8a57c2e953dcdf3a8ba23b877cf111b3352a1ad2b3c33eeef
- class: schema_source
  repository: auto_cut_bot
  path: governance/schemas/reuse-admission.schema.json
  sha256: sha256:9f30d8ef86c32449353075f19dbcba00751d6e5ba1a9892c5826aef40ad6df3c
- class: schema_source
  repository: auto_cut_bot
  path: governance/schemas/runtime-conformance.schema.json
  sha256: sha256:2a9d94260b37fa4747cbb71245f70267cd2c4dd148dc1b7c4aa135d905e1c437
- class: schema_source
  repository: auto_cut_bot
  path: governance/schemas/source-candidate.schema.json
  sha256: sha256:297ab80c71aaaa4fe5ecc3c85d341e766a075ba36e453049d27c39f90dbaad53
- class: schema_source
  repository: auto_cut_bot
  path: governance/schemas/synthetic-sensitive-fixture-manifest.schema.json
  sha256: sha256:0b4609f10a3880e3edf6f6be72adeb60c573901351e9d1697f4298783ff528b9
- class: schema_source
  repository: auto_cut_bot
  path: governance/schemas/task-admission.schema.json
  sha256: sha256:b56649ddb7988b56781114001e11886de5778dba95044b6447c4af390a357ae5
- class: schema_source
  repository: auto_cut_bot
  path: governance/schemas/task-authorizations.schema.json
  sha256: sha256:ac376318c5f8c4b0966066f8959bfb65f2217dc9ab9cfe04c31d6931641541d6
- class: schema_source
  repository: auto_cut_bot
  path: governance/schemas/task-conformance-manifest.schema.json
  sha256: sha256:e15230cf4613232ac1b6f9a26ff77bd194d4a3205af37502127f9b58c070e249
- class: schema_source
  repository: auto_cut_bot
  path: governance/schemas/trellis-sync-manifest.schema.json
  sha256: sha256:1889a3cda4e822874b27936f79a8e9e5ad8291ec48499bec0028b59ae8b4909d
- class: schema_source
  repository: auto_cut_bot
  path: governance/schemas/upstream-parity.schema.json
  sha256: sha256:2126de2b1c26ecac29cc2b4256375b4cfbc02d0402a23d775533847130ba0713
- class: schema_source
  repository: auto_cut_bot
  path: governance/schemas/validation-receipt-set.schema.json
  sha256: sha256:0e5b039ff298560572fc8088d66e81dc89fd64841a1cc34f8c171cd5a7499970
- class: blocking_fixture
  repository: auto_cut_bot
  path: governance/synthetic-sensitive-fixtures.manifest.yaml
  sha256: sha256:a2df653c670e38d5b24a22aab73410b74026dcd58ff6ff2fe85ba5498f701352
- class: architecture_gate
  repository: auto_cut_bot
  path: governance/task-authorizations.yaml
  sha256: sha256:e531f18aeb40ce6f7611228146aab6a9b5d8ef75a5112d1c4207837342b4cb15
- class: architecture_gate
  repository: auto_cut_bot
  path: governance/trellis-spec/ac_auto_cut/backend/index.md
  sha256: sha256:6c4911f8b0529d5fe40ab0589e026f851f20e007c53711607c1efd4180ef7f00
- class: architecture_gate
  repository: auto_cut_bot
  path: governance/trellis-spec/auto_cut_bot/backend/index.md
  sha256: sha256:db256e0d66e068de543197343ab00e87d6f3d00d510ec88b465377560e52a3ff
- class: architecture_gate
  repository: auto_cut_bot
  path: governance/trellis-spec/backend/authority-bootstrap-block.md
  sha256: sha256:9ce3d5d4c7bfb84ee61a31758d0543e52406d07678e9bfe104c4cb153c553940
- class: architecture_gate
  repository: auto_cut_bot
  path: governance/trellis-spec/backend/implementation-conformance-gates.md
  sha256: sha256:657bc521be8851e3f21140eb9334a593de0b2cfdd4b4eb9bbcdeddf621114806
- class: architecture_gate
  repository: auto_cut_bot
  path: governance/trellis-spec/backend/index.md
  sha256: sha256:c343a2fd7def1dc014f68203e7f37b8bf1f4625ecf1072fda69ca7a675c78884
- class: architecture_gate
  repository: auto_cut_bot
  path: governance/trellis-spec/managed-files.json
  sha256: sha256:8159e3d13d320c1bbd043db01959bbbe37c1ab41b28c212c13f856f77cb6d6d1
- class: blocking_fixture
  repository: auto_cut_bot
  path: tests/authority/fixtures/protected/bad-bootstrap-chain.json
  sha256: sha256:a0d469dabd117afef3cd5ebac8433ab52f8d9030a25ca43adadf450693614550
- class: blocking_fixture
  repository: auto_cut_bot
  path: tests/authority/fixtures/protected/bad-broad-glob.json
  sha256: sha256:92c5f5f62f4d3ceb2172c4c0712d16bca34931cee09449ba5d231b80f9f7dcfb
- class: blocking_fixture
  repository: auto_cut_bot
  path: tests/authority/fixtures/protected/bad-candidate-collision.json
  sha256: sha256:3e1b5a6f6e71d850e90d544a2530611dd5dcf0380f4073a4cef7ce2ba15d8193
- class: blocking_fixture
  repository: auto_cut_bot
  path: tests/authority/fixtures/protected/bad-candidate-secret.json
  sha256: sha256:909316634d005225bc914bc972d283162539fdf2e4d3bd2cfff8560b30d27b93
- class: blocking_fixture
  repository: auto_cut_bot
  path: tests/authority/fixtures/protected/bad-consumer-lock-altered-build-input.json
  sha256: sha256:a988c36a2f24f44ffe60c38ad28c1feda39437a43ea0b67ab6b24fb04d8f2073
- class: blocking_fixture
  repository: auto_cut_bot
  path: tests/authority/fixtures/protected/bad-consumer-lock-altered-wheel.json
  sha256: sha256:9af77859c12006a5fc725aacd3a2c6d79a3aad1ef99f03bfe8b4bfa4ec323645
- class: blocking_fixture
  repository: auto_cut_bot
  path: tests/authority/fixtures/protected/bad-consumer-lock-authority-hash.json
  sha256: sha256:dccd317fd1279f063f00033bc50fe35a2c810b346b3642c8155f556993666be0
- class: blocking_fixture
  repository: auto_cut_bot
  path: tests/authority/fixtures/protected/bad-consumer-lock-bootstrap-business.json
  sha256: sha256:7df990de5eea1fd7aa45b029e35edc3d9618e238e7c6704b8ae3126b2c4dbc4f
- class: blocking_fixture
  repository: auto_cut_bot
  path: tests/authority/fixtures/protected/bad-consumer-lock-bootstrap-publish.json
  sha256: sha256:77f021ed3de8e1bc2a998b6522e4c0e6f795257c31d68b5a17a34fdd9d505d48
- class: blocking_fixture
  repository: auto_cut_bot
  path: tests/authority/fixtures/protected/bad-consumer-lock-bootstrap-shadow.json
  sha256: sha256:83284f7761a1113b9b5acc5d4dcb4c85f15fa7ec5025489b2d38df628eccdb35
- class: blocking_fixture
  repository: auto_cut_bot
  path: tests/authority/fixtures/protected/bad-consumer-lock-bootstrap-writer.json
  sha256: sha256:55224ce9b4344f982d11f8db425d71d494ac7c183fac0f0a0f6b9d587ee99e7f
- class: blocking_fixture
  repository: auto_cut_bot
  path: tests/authority/fixtures/protected/bad-consumer-lock-child02-wrong-profile.json
  sha256: sha256:8a9fb649c357081076a0e7ad3c80f6ddc7c3e92dcfa24c64f3ae9cbf54fcda2d
- class: blocking_fixture
  repository: auto_cut_bot
  path: tests/authority/fixtures/protected/bad-consumer-lock-commit-divergence.json
  sha256: sha256:c2e991b33618665d25bae2a0ec53f9bebec2b26ad0fbb803bb6334ceb69fe2c1
- class: blocking_fixture
  repository: auto_cut_bot
  path: tests/authority/fixtures/protected/bad-consumer-lock-fabricated-build-receipt.json
  sha256: sha256:98892046683eb835e6e6c59f2f8e07500abd09d59bef30e4a34ab4b0186f731a
- class: blocking_fixture
  repository: auto_cut_bot
  path: tests/authority/fixtures/protected/bad-consumer-lock-index-divergence.json
  sha256: sha256:e336c00a945965b4959335902580602782ac86cf189f52258c184a2a127a2b14
- class: blocking_fixture
  repository: auto_cut_bot
  path: tests/authority/fixtures/protected/bad-consumer-lock-pending.json
  sha256: sha256:cdc3c6d44a218fe747b1d28e482ea988e0a906904776295399ebe39ae6764c98
- class: blocking_fixture
  repository: auto_cut_bot
  path: tests/authority/fixtures/protected/bad-consumer-lock-phase00.json
  sha256: sha256:6279144b3de1f7eb99705d28b29655273c2cf8c5ab722d0fef370de181e4c2f1
- class: blocking_fixture
  repository: auto_cut_bot
  path: tests/authority/fixtures/protected/bad-consumer-lock-placeholder.json
  sha256: sha256:64ed64b71cc8e2c499f342edcc497d9f96abb83995bf3c6c01da5476e00be1e0
- class: blocking_fixture
  repository: auto_cut_bot
  path: tests/authority/fixtures/protected/bad-consumer-lock-reserved-path.json
  sha256: sha256:cfcb17fdbfb5e759ccfa081a194a61e3a9fd9773767e3c0a6d183d4ddb5558d6
- class: blocking_fixture
  repository: auto_cut_bot
  path: tests/authority/fixtures/protected/bad-consumer-lock-self-reference.json
  sha256: sha256:e14ea1da1a681c4ca0c1e0c126da3fe4d65f20384f19b6a65b844ee09eac7875
- class: blocking_fixture
  repository: auto_cut_bot
  path: tests/authority/fixtures/protected/bad-consumer-lock-source-hash.json
  sha256: sha256:04ccdf97852ee6243004327e189a986b5e867018bba9810c286304cc4912f48e
- class: blocking_fixture
  repository: auto_cut_bot
  path: tests/authority/fixtures/protected/bad-consumer-lock-stale-task-revision.json
  sha256: sha256:a0e97b5b217fa23b9a047c6eb614b4ac6b5be5f19c157f64abd787a0eecc640c
- class: blocking_fixture
  repository: auto_cut_bot
  path: tests/authority/fixtures/protected/bad-consumer-lock-wheel-hash.json
  sha256: sha256:0b6b2924c0b6ff725b7d9ff13e5dff3911de19147d3c1295c3d289f00979a34f
- class: blocking_fixture
  repository: auto_cut_bot
  path: tests/authority/fixtures/protected/bad-cross-repo-top-level.json
  sha256: sha256:c412a2f1741c0051cc009a3995aa3de8c98b71fd13fa2c46bbf7535bb92c54cd
- class: blocking_fixture
  repository: auto_cut_bot
  path: tests/authority/fixtures/protected/bad-fake-tree-oid.json
  sha256: sha256:c83c6aba679411efa78c0f6f00423a3522787a708ba04b47f8fd6c3b8b3d7ffb
- class: blocking_fixture
  repository: auto_cut_bot
  path: tests/authority/fixtures/protected/bad-nonruntime-na.json
  sha256: sha256:af397fdc28931017345550432042824fba307b98a975dfc3df2c533169493357
- class: blocking_fixture
  repository: auto_cut_bot
  path: tests/authority/fixtures/protected/bad-offline-remote.json
  sha256: sha256:e52bd6ff41dbdd3ecd5126379cc0edd2f25b159cf01ccafcc64c8ed37ccaaa48
- class: blocking_fixture
  repository: auto_cut_bot
  path: tests/authority/fixtures/protected/bad-path-escape.json
  sha256: sha256:8c60fac4fe199e1e4e956b9a1eff78cbb0fef79d1e24b45adc36300416f3d697
- class: blocking_fixture
  repository: auto_cut_bot
  path: tests/authority/fixtures/protected/bad-pre-a-phase-mix.json
  sha256: sha256:e84ae68aaec5373716f2c37833ae317c668d83f4e8920579603617c9a43b960b
- class: blocking_fixture
  repository: auto_cut_bot
  path: tests/authority/fixtures/protected/bad-spark-authority.json
  sha256: sha256:c0e8f0a57c786c8e6ff70d6dc2c9c6c0b59427af6a215974d89c37a5385e5215
- class: blocking_fixture
  repository: auto_cut_bot
  path: tests/authority/fixtures/protected/bad-synthetic-outside.json
  sha256: sha256:e45e8b9a78be9a50aa7974ded55fc54599d1432c69d0d359a98cea810fa50f88
- class: blocking_fixture
  repository: auto_cut_bot
  path: tests/authority/fixtures/protected/bad-synthetic-production.json
  sha256: sha256:cb40bb319c472a50f14ed349731a624fc4761fa5ce66048ba1bf08b719204bf8
- class: blocking_fixture
  repository: auto_cut_bot
  path: tests/authority/fixtures/protected/bad-validation-self-report.json
  sha256: sha256:21d73d535bd0723c0deff565629b5c4b33c8695c993dda6304b58dd4ce303666
- class: blocking_fixture
  repository: auto_cut_bot
  path: tests/authority/fixtures/protected/good-legal-session-path.json
  sha256: sha256:c692ce9b69f900233838fe775d426ca41b95f445c02e1300b73fb6e99079255c
- class: blocking_fixture
  repository: auto_cut_bot
  path: tests/authority/fixtures/protected/tbd-design.md
  sha256: sha256:65255c0d7077c111af66deb750229d3977e3edecb53c7983589f146001cf0ec3
- class: blocking_fixture
  repository: auto_cut_bot
  path: tests/authority/fixtures/synthetic-sensitive/literal-api-key.txt
  sha256: sha256:7db100395545aebe0498bdccf3cb2cde63683941179b6d94bac2692b12940c42
- class: architecture_gate
  repository: auto_cut_bot
  path: tools/authority/__init__.py
  sha256: sha256:4d694255ec16e8966231ebf5617e5d14891c634443bcbbcc1780d5c71ad99c03
- class: architecture_gate
  repository: auto_cut_bot
  path: tools/authority/aggregate_gate.py
  sha256: sha256:9cb8675ab374d68d77410481007c8cb7367bc3b3b562ed5850fd4c69c540df67
- class: architecture_gate
  repository: auto_cut_bot
  path: tools/authority/cli.py
  sha256: sha256:4aa702d23d4a7a2eeeb6e637f7c5dd8980d76d537c23d3f0d0ac1cd8f5096496
- class: architecture_gate
  repository: auto_cut_bot
  path: tools/authority/common.py
  sha256: sha256:8fada0080edda5a327a9c763c1c1142b1b4640f92e0e52e1e2df9e5ef3655f11
- class: architecture_gate
  repository: auto_cut_bot
  path: tools/authority/conformance_gates.py
  sha256: sha256:70086a110ccc9de40ac1b9264f9b0ef88c24e0a71465b59d267b6133e98ba137
- class: architecture_gate
  repository: auto_cut_bot
  path: tools/authority/consumer_lock.py
  sha256: sha256:545b42d5a4e16404a2aa9e08603876c6f5d74adb1df08eb7a4c30a7462b95d54
- class: architecture_gate
  repository: auto_cut_bot
  path: tools/authority/errors.py
  sha256: sha256:64d42523100d188960493622852dac9801d8fbaf582ab81a57303d5648dc0597
- class: architecture_gate
  repository: auto_cut_bot
  path: tools/authority/fixture_runner.py
  sha256: sha256:0e281b0af7dea2d1141adf7e42cf0233c9940c1d2a9b90d1640bf067cbfd3d4d
- class: architecture_gate
  repository: auto_cut_bot
  path: tools/authority/lock.py
  sha256: sha256:2a570127724b912a2716f1464345ce6a27095055def0e1c85ef2ce7ac2025566
- class: architecture_gate
  repository: auto_cut_bot
  path: tools/authority/receipts.py
  sha256: sha256:24dca65065d43840a88ac10e04aabdbacb533238745475e1c2897ebfcb742878
- class: architecture_gate
  repository: auto_cut_bot
  path: tools/authority/remote_gate.py
  sha256: sha256:c4d65cade34f95a8d87a7a2a96e6eb9d0fc99d02c773a295cba6a186270f676b
- class: architecture_gate
  repository: auto_cut_bot
  path: tools/authority/source_candidate_gate.py
  sha256: sha256:2e958a33a597124347b883cd08c7f7f9b94b36124f2089ff717b2b927ab10d51
- class: architecture_gate
  repository: auto_cut_bot
  path: tools/authority/task_control_plane.py
  sha256: sha256:d090d7980fc2bf72c25d07121fd2b72becb9e8d87638ca4c664d18eb80c89991
- class: architecture_gate
  repository: auto_cut_bot
  path: tools/authority/task_gate.py
  sha256: sha256:725ddfb7794f3a903cd87f248bfd06ef0c19b38e9ad073a561094a5cfcc7c2bf
- class: architecture_gate
  repository: auto_cut_bot
  path: tools/authority/trellis_sync.py
  sha256: sha256:f31bde7ca0d47d3da54d59bf9ab032a4f0277ba469d995d5c3215519ef804126
bundle_hash: sha256:0383efa5cd875737f4c274375c58818c141c2289b8a30d2072119cdbc23971b5
